
Microsoft Visual Studio Solution File, Format Version 12.00
# Visual Studio Version 17
VisualStudioVersion = 17.10.35004.147
MinimumVisualStudioVersion = 10.0.40219.1
Project("{F184B08F-C81C-45F6-A57F-5ABD9991F28F}") = "WinFormsApp1", "WinFormsApp1\WinFormsApp1.vbproj", "{0B35D066-6E90-4949-A46C-739DE51BD6A1}"
EndProject
Global
	GlobalSection(SolutionConfigurationPlatforms) = preSolution
		Debug|Any CPU = Debug|Any CPU
		Release|Any CPU = Release|Any CPU
	EndGlobalSection
	GlobalSection(ProjectConfigurationPlatforms) = postSolution
		{0B35D066-6E90-4949-A46C-739DE51BD6A1}.Debug|Any CPU.ActiveCfg = Debug|Any CPU
		{0B35D066-6E90-4949-A46C-739DE51BD6A1}.Debug|Any CPU.Build.0 = Debug|Any CPU
		{0B35D066-6E90-4949-A46C-739DE51BD6A1}.Release|Any CPU.ActiveCfg = Release|Any CPU
		{0B35D066-6E90-4949-A46C-739DE51BD6A1}.Release|Any CPU.Build.0 = Release|Any CPU
	EndGlobalSection
	GlobalSection(SolutionProperties) = preSolution
		HideSolutionNode = FALSE
	EndGlobalSection
	GlobalSection(ExtensibilityGlobals) = postSolution
		SolutionGuid = {78712ED2-3BC2-443A-AEC0-D563FE4286BC}
	EndGlobalSection
EndGlobal
